// !$*UTF8*$!
{
	archiveVersion = 1;
	classes = {
	};
	objectVersion = 56;
	objects = {

/* Begin PBXBuildFile section */
		F1D14B7B2BEB599F0071B62D /* AppDelegate.swift in Sources */ = {isa = PBXBuildFile; fileRef = F1D14B7A2BEB599F0071B62D /* AppDelegate.swift */; };
		F1D14B7D2BEB599F0071B62D /* SceneDelegate.swift in Sources */ = {isa = PBXBuildFile; fileRef = F1D14B7C2BEB599F0071B62D /* SceneDelegate.swift */; };
		F1D14B7F2BEB599F0071B62D /* ViewController.swift in Sources */ = {isa = PBXBuildFile; fileRef = F1D14B7E2BEB599F0071B62D /* ViewController.swift */; };
		F1D14B822BEB599F0071B62D /* Base in Resources */ = {isa = PBXBuildFile; fileRef = F1D14B812BEB599F0071B62D /* Base */; };
		F1D14B842BEB59A10071B62D /* Assets.xcassets in Resources */ = {isa = PBXBuildFile; fileRef = F1D14B832BEB59A10071B62D /* Assets.xcassets */; };
		F1D14B872BEB59A10071B62D /* Base in Resources */ = {isa = PBXBuildFile; fileRef = F1D14B862BEB59A10071B62D /* Base */; };
		F1D14B922BEB59A10071B62D /* SportXTests.swift in Sources */ = {isa = PBXBuildFile; fileRef = F1D14B912BEB59A10071B62D /* SportXTests.swift */; };
		F1D14B9C2BEB59A10071B62D /* SportXUITests.swift in Sources */ = {isa = PBXBuildFile; fileRef = F1D14B9B2BEB59A10071B62D /* SportXUITests.swift */; };
		F1D14B9E2BEB59A10071B62D /* SportXUITestsLaunchTests.swift in Sources */ = {isa = PBXBuildFile; fileRef = F1D14B9D2BEB59A10071B62D /* SportXUITestsLaunchTests.swift */; };
/* End PBXBuildFile section */

/* Begin PBXContainerItemProxy section */
		F1D14B8E2BEB59A10071B62D /* PBXContainerItemProxy */ = {
			isa = PBXContainerItemProxy;
			containerPortal = F1D14B6F2BEB599E0071B62D /* Project object */;
			proxyType = 1;
			remoteGlobalIDString = F1D14B762BEB599E0071B62D;
			remoteInfo = SportX;
		};
		F1D14B982BEB59A10071B62D /* PBXContainerItemProxy */ = {
			isa = PBXContainerItemProxy;
			containerPortal = F1D14B6F2BEB599E0071B62D /* Project object */;
			proxyType = 1;
			remoteGlobalIDString = F1D14B762BEB599E0071B62D;
			remoteInfo = SportX;
		};
/* End PBXContainerItemProxy section */

/* Begin PBXFileReference section */
		F1D14B772BEB599F0071B62D /* SportX.app */ = {isa = PBXFileReference; explicitFileType = wrapper.application; includeInIndex = 0; path = SportX.app; sourceTree = BUILT_PRODUCTS_DIR; };
		F1D14B7A2BEB599F0071B62D /* AppDelegate.swift */ = {isa = PBXFileReference; lastKnownFileType = sourcecode.swift; path = AppDelegate.swift; sourceTree = "<group>"; };
		F1D14B7C2BEB599F0071B62D /* SceneDelegate.swift */ = {isa = PBXFileReference; lastKnownFileType = sourcecode.swift; path = SceneDelegate.swift; sourceTree = "<group>"; };
		F1D14B7E2BEB599F0071B62D /* ViewController.swift */ = {isa = PBXFileReference; lastKnownFileType = sourcecode.swift; path = ViewController.swift; sourceTree = "<group>"; };
		F1D14B812BEB599F0071B62D /* Base */ = {isa = PBXFileReference; lastKnownFileType = file.storyboard; name = Base; path = Base.lproj/Main.storyboard; sourceTree = "<group>"; };
		F1D14B832BEB59A10071B62D /* Assets.xcassets */ = {isa = PBXFileReference; lastKnownFileType = folder.assetcatalog; path = Assets.xcassets; sourceTree = "<group>"; };
		F1D14B862BEB59A10071B62D /* Base */ = {isa = PBXFileReference; lastKnownFileType = file.storyboard; name = Base; path = Base.lproj/LaunchScreen.storyboard; sourceTree = "<group>"; };
		F1D14B882BEB59A10071B62D /* Info.plist */ = {isa = PBXFileReference; lastKnownFileType = text.plist.xml; path = Info.plist; sourceTree = "<group>"; };
		F1D14B8D2BEB59A10071B62D /* SportXTests.xctest */ = {isa = PBXFileReference; explicitFileType = wrapper.cfbundle; includeInIndex = 0; path = SportXTests.xctest; sourceTree = BUILT_PRODUCTS_DIR; };
		F1D14B912BEB59A10071B62D /* SportXTests.swift */ = {isa = PBXFileReference; lastKnownFileType = sourcecode.swift; path = SportXTests.swift; sourceTree = "<group>"; };
		F1D14B972BEB59A10071B62D /* SportXUITests.xctest */ = {isa = PBXFileReference; explicitFileType = wrapper.cfbundle; includeInIndex = 0; path = SportXUITests.xctest; sourceTree = BUILT_PRODUCTS_DIR; };
		F1D14B9B2BEB59A10071B62D /* SportXUITests.swift */ = {isa = PBXFileReference; lastKnownFileType = sourcecode.swift; path = SportXUITests.swift; sourceTree = "<group>"; };
		F1D14B9D2BEB59A10071B62D /* SportXUITestsLaunchTests.swift */ = {isa = PBXFileReference; lastKnownFileType = sourcecode.swift; path = SportXUITestsLaunchTests.swift; sourceTree = "<group>"; };
/* End PBXFileReference section */

/* Begin PBXFrameworksBuildPhase section */
		F1D14B742BEB599E0071B62D /* Frameworks */ = {
			isa = PBXFrameworksBuildPhase;
			buildActionMask = 2147483647;
			files = (
			);
			runOnlyForDeploymentPostprocessing = 0;
		};
		F1D14B8A2BEB59A10071B62D /* Frameworks */ = {
			isa = PBXFrameworksBuildPhase;
			buildActionMask = 2147483647;
			files = (
			);
			runOnlyForDeploymentPostprocessing = 0;
		};
		F1D14B942BEB59A10071B62D /* Frameworks */ = {
			isa = PBXFrameworksBuildPhase;
			buildActionMask = 2147483647;
			files = (
			);
			runOnlyForDeploymentPostprocessing = 0;
		};
/* End PBXFrameworksBuildPhase section */

/* Begin PBXGroup section */
		F1D14B6E2BEB599E0071B62D = {
			isa = PBXGroup;
			children = (
				F1D14B792BEB599F0071B62D /* SportX */,
				F1D14B902BEB59A10071B62D /* SportXTests */,
				F1D14B9A2BEB59A10071B62D /* SportXUITests */,
				F1D14B782BEB599F0071B62D /* Products */,
			);
			sourceTree = "<group>";
		};
		F1D14B782BEB599F0071B62D /* Products */ = {
			isa = PBXGroup;
			children = (
				F1D14B772BEB599F0071B62D /* SportX.app */,
				F1D14B8D2BEB59A10071B62D /* SportXTests.xctest */,
				F1D14B972BEB59A10071B62D /* SportXUITests.xctest */,
			);
			name = Products;
			sourceTree = "<group>";
		};
		F1D14B792BEB599F0071B62D /* SportX */ = {
			isa = PBXGroup;
			children = (
				F1D14B7A2BEB599F0071B62D /* AppDelegate.swift */,
				F1D14B7C2BEB599F0071B62D /* SceneDelegate.swift */,
				F1D14B7E2BEB599F0071B62D /* ViewController.swift */,
				F1D14B802BEB599F0071B62D /* Main.storyboard */,
				F1D14B832BEB59A10071B62D /* Assets.xcassets */,
				F1D14B852BEB59A10071B62D /* LaunchScreen.storyboard */,
				F1D14B882BEB59A10071B62D /* Info.plist */,
			);
			path = SportX;
			sourceTree = "<group>";
		};
		F1D14B902BEB59A10071B62D /* SportXTests */ = {
			isa = PBXGroup;
			children = (
				F1D14B912BEB59A10071B62D /* SportXTests.swift */,
			);
			path = SportXTests;
			sourceTree = "<group>";
		};
		F1D14B9A2BEB59A10071B62D /* SportXUITests */ = {
			isa = PBXGroup;
			children = (
				F1D14B9B2BEB59A10071B62D /* SportXUITests.swift */,
				F1D14B9D2BEB59A10071B62D /* SportXUITestsLaunchTests.swift */,
			);
			path = SportXUITests;
			sourceTree = "<group>";
		};
/* End PBXGroup section */

/* Begin PBXNativeTarget section */
		F1D14B762BEB599E0071B62D /* SportX */ = {
			isa = PBXNativeTarget;
			buildConfigurationList = F1D14BA12BEB59A10071B62D /* Build configuration list for PBXNativeTarget "SportX" */;
			buildPhases = (
				F1D14B732BEB599E0071B62D /* Sources */,
				F1D14B742BEB599E0071B62D /* Frameworks */,
				F1D14B752BEB599E0071B62D /* Resources */,
			);
			buildRules = (
			);
			dependencies = (
			);
			name = SportX;
			productName = SportX;
			productReference = F1D14B772BEB599F0071B62D /* SportX.app */;
			productType = "com.apple.product-type.application";
		};
		F1D14B8C2BEB59A10071B62D /* SportXTests */ = {
			isa = PBXNativeTarget;
			buildConfigurationList = F1D14BA42BEB59A10071B62D /* Build configuration list for PBXNativeTarget "SportXTests" */;
			buildPhases = (
				F1D14B892BEB59A10071B62D /* Sources */,
				F1D14B8A2BEB59A10071B62D /* Frameworks */,
				F1D14B8B2BEB59A10071B62D /* Resources */,
			);
			buildRules = (
			);
			dependencies = (
				F1D14B8F2BEB59A10071B62D /* PBXTargetDependency */,
			);
			name = SportXTests;
			productName = SportXTests;
			productReference = F1D14B8D2BEB59A10071B62D /* SportXTests.xctest */;
			productType = "com.apple.product-type.bundle.unit-test";
		};
		F1D14B962BEB59A10071B62D /* SportXUITests */ = {
			isa = PBXNativeTarget;
			buildConfigurationList = F1D14BA72BEB59A10071B62D /* Build configuration list for PBXNativeTarget "SportXUITests" */;
			buildPhases = (
				F1D14B932BEB59A10071B62D /* Sources */,
				F1D14B942BEB59A10071B62D /* Frameworks */,
				F1D14B952BEB59A10071B62D /* Resources */,
			);
			buildRules = (
			);
			dependencies = (
				F1D14B992BEB59A10071B62D /* PBXTargetDependency */,
			);
			name = SportXUITests;
			productName = SportXUITests;
			productReference = F1D14B972BEB59A10071B62D /* SportXUITests.xctest */;
			productType = "com.apple.product-type.bundle.ui-testing";
		};
/* End PBXNativeTarget section */

/* Begin PBXProject section */
		F1D14B6F2BEB599E0071B62D /* Project object */ = {
			isa = PBXProject;
			attributes = {
				BuildIndependentTargetsInParallel = 1;
				LastSwiftUpdateCheck = 1530;
				LastUpgradeCheck = 1530;
				TargetAttributes = {
					F1D14B762BEB599E0071B62D = {
						CreatedOnToolsVersion = 15.3;
					};
					F1D14B8C2BEB59A10071B62D = {
						CreatedOnToolsVersion = 15.3;
						TestTargetID = F1D14B762BEB599E0071B62D;
					};
					F1D14B962BEB59A10071B62D = {
						CreatedOnToolsVersion = 15.3;
						TestTargetID = F1D14B762BEB599E0071B62D;
					};
				};
			};
			buildConfigurationList = F1D14B722BEB599E0071B62D /* Build configuration list for PBXProject "SportX" */;
			compatibilityVersion = "Xcode 14.0";
			developmentRegion = en;
			hasScannedForEncodings = 0;
			knownRegions = (
				en,
				Base,
			);
			mainGroup = F1D14B6E2BEB599E0071B62D;
			productRefGroup = F1D14B782BEB599F0071B62D /* Products */;
			projectDirPath = "";
			projectRoot = "";
			targets = (
				F1D14B762BEB599E0071B62D /* SportX */,
				F1D14B8C2BEB59A10071B62D /* SportXTests */,
				F1D14B962BEB59A10071B62D /* SportXUITests */,
			);
		};
/* End PBXProject section */

/* Begin PBXResourcesBuildPhase section */
		F1D14B752BEB599E0071B62D /* Resources */ = {
			isa = PBXResourcesBuildPhase;
			buildActionMask = 2147483647;
			files = (
				F1D14B842BEB59A10071B62D /* Assets.xcassets in Resources */,
				F1D14B872BEB59A10071B62D /* Base in Resources */,
				F1D14B822BEB599F0071B62D /* Base in Resources */,
			);
			runOnlyForDeploymentPostprocessing = 0;
		};
		F1D14B8B2BEB59A10071B62D /* Resources */ = {
			isa = PBXResourcesBuildPhase;
			buildActionMask = 2147483647;
			files = (
			);
			runOnlyForDeploymentPostprocessing = 0;
		};
		F1D14B952BEB59A10071B62D /* Resources */ = {
			isa = PBXResourcesBuildPhase;
			buildActionMask = 2147483647;
			files = (
			);
			runOnlyForDeploymentPostprocessing = 0;
		};
/* End PBXResourcesBuildPhase section */

/* Begin PBXSourcesBuildPhase section */
		F1D14B732BEB599E0071B62D /* Sources */ = {
			isa = PBXSourcesBuildPhase;
			buildActionMask = 2147483647;
			files = (
				F1D14B7F2BEB599F0071B62D /* ViewController.swift in Sources */,
				F1D14B7B2BEB599F0071B62D /* AppDelegate.swift in Sources */,
				F1D14B7D2BEB599F0071B62D /* SceneDelegate.swift in Sources */,
			);
			runOnlyForDeploymentPostprocessing = 0;
		};
		F1D14B892BEB59A10071B62D /* Sources */ = {
			isa = PBXSourcesBuildPhase;
			buildActionMask = 2147483647;
			files = (
				F1D14B922BEB59A10071B62D /* SportXTests.swift in Sources */,
			);
			runOnlyForDeploymentPostprocessing = 0;
		};
		F1D14B932BEB59A10071B62D /* Sources */ = {
			isa = PBXSourcesBuildPhase;
			buildActionMask = 2147483647;
			files = (
				F1D14B9E2BEB59A10071B62D /* SportXUITestsLaunchTests.swift in Sources */,
				F1D14B9C2BEB59A10071B62D /* SportXUITests.swift in Sources */,
			);
			runOnlyForDeploymentPostprocessing = 0;
		};
/* End PBXSourcesBuildPhase section */

/* Begin PBXTargetDependency section */
		F1D14B8F2BEB59A10071B62D /* PBXTargetDependency */ = {
			isa = PBXTargetDependency;
			target = F1D14B762BEB599E0071B62D /* SportX */;
			targetProxy = F1D14B8E2BEB59A10071B62D /* PBXContainerItemProxy */;
		};
		F1D14B992BEB59A10071B62D /* PBXTargetDependency */ = {
			isa = PBXTargetDependency;
			target = F1D14B762BEB599E0071B62D /* SportX */;
			targetProxy = F1D14B982BEB59A10071B62D /* PBXContainerItemProxy */;
		};
/* End PBXTargetDependency section */

/* Begin PBXVariantGroup section */
		F1D14B802BEB599F0071B62D /* Main.storyboard */ = {
			isa = PBXVariantGroup;
			children = (
				F1D14B812BEB599F0071B62D /* Base */,
			);
			name = Main.storyboard;
			sourceTree = "<group>";
		};
		F1D14B852BEB59A10071B62D /* LaunchScreen.storyboard */ = {
			isa = PBXVariantGroup;
			children = (
				F1D14B862BEB59A10071B62D /* Base */,
			);
			name = LaunchScreen.storyboard;
			sourceTree = "<group>";
		};
/* End PBXVariantGroup section */

/* Begin XCBuildConfiguration section */
		F1D14B9F2BEB59A10071B62D /* Debug */ = {
			isa = XCBuildConfiguration;
			buildSettings = {
				ALWAYS_SEARCH_USER_PATHS = NO;
				ASSETCATALOG_COMPILER_GENERATE_SWIFT_ASSET_SYMBOL_EXTENSIONS = YES;
				CLANG_ANALYZER_NONNULL = YES;
				CLANG_ANALYZER_NUMBER_OBJECT_CONVERSION = YES_AGGRESSIVE;
				CLANG_CXX_LANGUAGE_STANDARD = "gnu++20";
				CLANG_ENABLE_MODULES = YES;
				CLANG_ENABLE_OBJC_ARC = YES;
				CLANG_ENABLE_OBJC_WEAK = YES;
				CLANG_WARN_BLOCK_CAPTURE_AUTORELEASING = YES;
				CLANG_WARN_BOOL_CONVERSION = YES;
				CLANG_WARN_COMMA = YES;
				CLANG_WARN_CONSTANT_CONVERSION = YES;
				CLANG_WARN_DEPRECATED_OBJC_IMPLEMENTATIONS = YES;
				CLANG_WARN_DIRECT_OBJC_ISA_USAGE = YES_ERROR;
				CLANG_WARN_DOCUMENTATION_COMMENTS = YES;
				CLANG_WARN_EMPTY_BODY = YES;
				CLANG_WARN_ENUM_CONVERSION = YES;
				CLANG_WARN_INFINITE_RECURSION = YES;
				CLANG_WARN_INT_CONVERSION = YES;
				CLANG_WARN_NON_LITERAL_NULL_CONVERSION = YES;
				CLANG_WARN_OBJC_IMPLICIT_RETAIN_SELF = YES;
				CLANG_WARN_OBJC_LITERAL_CONVERSION = YES;
				CLANG_WARN_OBJC_ROOT_CLASS = YES_ERROR;
				CLANG_WARN_QUOTED_INCLUDE_IN_FRAMEWORK_HEADER = YES;
				CLANG_WARN_RANGE_LOOP_ANALYSIS = YES;
				CLANG_WARN_STRICT_PROTOTYPES = YES;
				CLANG_WARN_SUSPICIOUS_MOVE = YES;
				CLANG_WARN_UNGUARDED_AVAILABILITY = YES_AGGRESSIVE;
				CLANG_WARN_UNREACHABLE_CODE = YES;
				CLANG_WARN__DUPLICATE_METHOD_MATCH = YES;
				COPY_PHASE_STRIP = NO;
				DEBUG_INFORMATION_FORMAT = dwarf;
				ENABLE_STRICT_OBJC_MSGSEND = YES;
				ENABLE_TESTABILITY = YES;
				ENABLE_USER_SCRIPT_SANDBOXING = YES;
				GCC_C_LANGUAGE_STANDARD = gnu17;
				GCC_DYNAMIC_NO_PIC = NO;
				GCC_NO_COMMON_BLOCKS = YES;
				GCC_OPTIMIZATION_LEVEL = 0;
				GCC_PREPROCESSOR_DEFINITIONS = (
					"DEBUG=1",
					"$(inherited)",
				);
				GCC_WARN_64_TO_32_BIT_CONVERSION = YES;
				GCC_WARN_ABOUT_RETURN_TYPE = YES_ERROR;
				GCC_WARN_UNDECLARED_SELECTOR = YES;
				GCC_WARN_UNINITIALIZED_AUTOS = YES_AGGRESSIVE;
				GCC_WARN_UNUSED_FUNCTION = YES;
				GCC_WARN_UNUSED_VARIABLE = YES;
				IPHONEOS_DEPLOYMENT_TARGET = 17.4;
				LOCALIZATION_PREFERS_STRING_CATALOGS = YES;
				MTL_ENABLE_DEBUG_INFO = INCLUDE_SOURCE;
				MTL_FAST_MATH = YES;
				ONLY_ACTIVE_ARCH = YES;
				SDKROOT = iphoneos;
				SWIFT_ACTIVE_COMPILATION_CONDITIONS = "DEBUG $(inherited)";
				SWIFT_OPTIMIZATION_LEVEL = "-Onone";
			};
			name = Debug;
		};
		F1D14BA02BEB59A10071B62D /* Release */ = {
			isa = XCBuildConfiguration;
			buildSettings = {
				ALWAYS_SEARCH_USER_PATHS = NO;
				ASSETCATALOG_COMPILER_GENERATE_SWIFT_ASSET_SYMBOL_EXTENSIONS = YES;
				CLANG_ANALYZER_NONNULL = YES;
				CLANG_ANALYZER_NUMBER_OBJECT_CONVERSION = YES_AGGRESSIVE;
				CLANG_CXX_LANGUAGE_STANDARD = "gnu++20";
				CLANG_ENABLE_MODULES = YES;
				CLANG_ENABLE_OBJC_ARC = YES;
				CLANG_ENABLE_OBJC_WEAK = YES;
				CLANG_WARN_BLOCK_CAPTURE_AUTORELEASING = YES;
				CLANG_WARN_BOOL_CONVERSION = YES;
				CLANG_WARN_COMMA = YES;
				CLANG_WARN_CONSTANT_CONVERSION = YES;
				CLANG_WARN_DEPRECATED_OBJC_IMPLEMENTATIONS = YES;
				CLANG_WARN_DIRECT_OBJC_ISA_USAGE = YES_ERROR;
				CLANG_WARN_DOCUMENTATION_COMMENTS = YES;
				CLANG_WARN_EMPTY_BODY = YES;
				CLANG_WARN_ENUM_CONVERSION = YES;
				CLANG_WARN_INFINITE_RECURSION = YES;
				CLANG_WARN_INT_CONVERSION = YES;
				CLANG_WARN_NON_LITERAL_NULL_CONVERSION = YES;
				CLANG_WARN_OBJC_IMPLICIT_RETAIN_SELF = YES;
				CLANG_WARN_OBJC_LITERAL_CONVERSION = YES;
				CLANG_WARN_OBJC_ROOT_CLASS = YES_ERROR;
				CLANG_WARN_QUOTED_INCLUDE_IN_FRAMEWORK_HEADER = YES;
				CLANG_WARN_RANGE_LOOP_ANALYSIS = YES;
				CLANG_WARN_STRICT_PROTOTYPES = YES;
				CLANG_WARN_SUSPICIOUS_MOVE = YES;
				CLANG_WARN_UNGUARDED_AVAILABILITY = YES_AGGRESSIVE;
				CLANG_WARN_UNREACHABLE_CODE = YES;
				CLANG_WARN__DUPLICATE_METHOD_MATCH = YES;
				COPY_PHASE_STRIP = NO;
				DEBUG_INFORMATION_FORMAT = "dwarf-with-dsym";
				ENABLE_NS_ASSERTIONS = NO;
				ENABLE_STRICT_OBJC_MSGSEND = YES;
				ENABLE_USER_SCRIPT_SANDBOXING = YES;
				GCC_C_LANGUAGE_STANDARD = gnu17;
				GCC_NO_COMMON_BLOCKS = YES;
				GCC_WARN_64_TO_32_BIT_CONVERSION = YES;
				GCC_WARN_ABOUT_RETURN_TYPE = YES_ERROR;
				GCC_WARN_UNDECLARED_SELECTOR = YES;
				GCC_WARN_UNINITIALIZED_AUTOS = YES_AGGRESSIVE;
				GCC_WARN_UNUSED_FUNCTION = YES;
				GCC_WARN_UNUSED_VARIABLE = YES;
				IPHONEOS_DEPLOYMENT_TARGET = 17.4;
				LOCALIZATION_PREFERS_STRING_CATALOGS = YES;
				MTL_ENABLE_DEBUG_INFO = NO;
				MTL_FAST_MATH = YES;
				SDKROOT = iphoneos;
				SWIFT_COMPILATION_MODE = wholemodule;
				VALIDATE_PRODUCT = YES;
			};
			name = Release;
		};
		F1D14BA22BEB59A10071B62D /* Debug */ = {
			isa = XCBuildConfiguration;
			buildSettings = {
				ASSETCATALOG_COMPILER_APPICON_NAME = AppIcon;
				ASSETCATALOG_COMPILER_GLOBAL_ACCENT_COLOR_NAME = AccentColor;
				CODE_SIGN_STYLE = Automatic;
				CURRENT_PROJECT_VERSION = 1;
				GENERATE_INFOPLIST_FILE = YES;
				INFOPLIST_FILE = SportX/Info.plist;
				INFOPLIST_KEY_UIApplicationSupportsIndirectInputEvents = YES;
				INFOPLIST_KEY_UILaunchStoryboardName = LaunchScreen;
				INFOPLIST_KEY_UIMainStoryboardFile = Main;
				INFOPLIST_KEY_UISupportedInterfaceOrientations_iPad = "UIInterfaceOrientationPortrait UIInterfaceOrientationPortraitUpsideDown UIInterfaceOrientationLandscapeLeft UIInterfaceOrientationLandscapeRight";
				INFOPLIST_KEY_UISupportedInterfaceOrientations_iPhone = "UIInterfaceOrientationPortrait UIInterfaceOrientationLandscapeLeft UIInterfaceOrientationLandscapeRight";
				LD_RUNPATH_SEARCH_PATHS = (
					"$(inherited)",
					"@executable_path/Frameworks",
				);
				MARKETING_VERSION = 1.0;
				PRODUCT_BUNDLE_IDENTIFIER = sportx.SportX;
				PRODUCT_NAME = "$(TARGET_NAME)";
				SWIFT_EMIT_LOC_STRINGS = YES;
				SWIFT_VERSION = 5.0;
				TARGETED_DEVICE_FAMILY = "1,2";
			};
			name = Debug;
		};
		F1D14BA32BEB59A10071B62D /* Release */ = {
			isa = XCBuildConfiguration;
			buildSettings = {
				ASSETCATALOG_COMPILER_APPICON_NAME = AppIcon;
				ASSETCATALOG_COMPILER_GLOBAL_ACCENT_COLOR_NAME = AccentColor;
				CODE_SIGN_STYLE = Automatic;
				CURRENT_PROJECT_VERSION = 1;
				GENERATE_INFOPLIST_FILE = YES;
				INFOPLIST_FILE = SportX/Info.plist;
				INFOPLIST_KEY_UIApplicationSupportsIndirectInputEvents = YES;
				INFOPLIST_KEY_UILaunchStoryboardName = LaunchScreen;
				INFOPLIST_KEY_UIMainStoryboardFile = Main;
				INFOPLIST_KEY_UISupportedInterfaceOrientations_iPad = "UIInterfaceOrientationPortrait UIInterfaceOrientationPortraitUpsideDown UIInterfaceOrientationLandscapeLeft UIInterfaceOrientationLandscapeRight";
				INFOPLIST_KEY_UISupportedInterfaceOrientations_iPhone = "UIInterfaceOrientationPortrait UIInterfaceOrientationLandscapeLeft UIInterfaceOrientationLandscapeRight";
				LD_RUNPATH_SEARCH_PATHS = (
					"$(inherited)",
					"@executable_path/Frameworks",
				);
				MARKETING_VERSION = 1.0;
				PRODUCT_BUNDLE_IDENTIFIER = sportx.SportX;
				PRODUCT_NAME = "$(TARGET_NAME)";
				SWIFT_EMIT_LOC_STRINGS = YES;
				SWIFT_VERSION = 5.0;
				TARGETED_DEVICE_FAMILY = "1,2";
			};
			name = Release;
		};
		F1D14BA52BEB59A10071B62D /* Debug */ = {
			isa = XCBuildConfiguration;
			buildSettings = {
				ALWAYS_EMBED_SWIFT_STANDARD_LIBRARIES = YES;
				BUNDLE_LOADER = "$(TEST_HOST)";
				CODE_SIGN_STYLE = Automatic;
				CURRENT_PROJECT_VERSION = 1;
				GENERATE_INFOPLIST_FILE = YES;
				IPHONEOS_DEPLOYMENT_TARGET = 17.4;
				MARKETING_VERSION = 1.0;
				PRODUCT_BUNDLE_IDENTIFIER = sportx.SportXTests;
				PRODUCT_NAME = "$(TARGET_NAME)";
				SWIFT_EMIT_LOC_STRINGS = NO;
				SWIFT_VERSION = 5.0;
				TARGETED_DEVICE_FAMILY = "1,2";
				TEST_HOST = "$(BUILT_PRODUCTS_DIR)/SportX.app/$(BUNDLE_EXECUTABLE_FOLDER_PATH)/SportX";
			};
			name = Debug;
		};
		F1D14BA62BEB59A10071B62D /* Release */ = {
			isa = XCBuildConfiguration;
			buildSettings = {
				ALWAYS_EMBED_SWIFT_STANDARD_LIBRARIES = YES;
				BUNDLE_LOADER = "$(TEST_HOST)";
				CODE_SIGN_STYLE = Automatic;
				CURRENT_PROJECT_VERSION = 1;
				GENERATE_INFOPLIST_FILE = YES;
				IPHONEOS_DEPLOYMENT_TARGET = 17.4;
				MARKETING_VERSION = 1.0;
				PRODUCT_BUNDLE_IDENTIFIER = sportx.SportXTests;
				PRODUCT_NAME = "$(TARGET_NAME)";
				SWIFT_EMIT_LOC_STRINGS = NO;
				SWIFT_VERSION = 5.0;
				TARGETED_DEVICE_FAMILY = "1,2";
				TEST_HOST = "$(BUILT_PRODUCTS_DIR)/SportX.app/$(BUNDLE_EXECUTABLE_FOLDER_PATH)/SportX";
			};
			name = Release;
		};
		F1D14BA82BEB59A10071B62D /* Debug */ = {
			isa = XCBuildConfiguration;
			buildSettings = {
				ALWAYS_EMBED_SWIFT_STANDARD_LIBRARIES = YES;
				CODE_SIGN_STYLE = Automatic;
				CURRENT_PROJECT_VERSION = 1;
				GENERATE_INFOPLIST_FILE = YES;
				MARKETING_VERSION = 1.0;
				PRODUCT_BUNDLE_IDENTIFIER = sportx.SportXUITests;
				PRODUCT_NAME = "$(TARGET_NAME)";
				SWIFT_EMIT_LOC_STRINGS = NO;
				SWIFT_VERSION = 5.0;
				TARGETED_DEVICE_FAMILY = "1,2";
				TEST_TARGET_NAME = SportX;
			};
			name = Debug;
		};
		F1D14BA92BEB59A10071B62D /* Release */ = {
			isa = XCBuildConfiguration;
			buildSettings = {
				ALWAYS_EMBED_SWIFT_STANDARD_LIBRARIES = YES;
				CODE_SIGN_STYLE = Automatic;
				CURRENT_PROJECT_VERSION = 1;
				GENERATE_INFOPLIST_FILE = YES;
				MARKETING_VERSION = 1.0;
				PRODUCT_BUNDLE_IDENTIFIER = sportx.SportXUITests;
				PRODUCT_NAME = "$(TARGET_NAME)";
				SWIFT_EMIT_LOC_STRINGS = NO;
				SWIFT_VERSION = 5.0;
				TARGETED_DEVICE_FAMILY = "1,2";
				TEST_TARGET_NAME = SportX;
			};
			name = Release;
		};
/* End XCBuildConfiguration section */

/* Begin XCConfigurationList section */
		F1D14B722BEB599E0071B62D /* Build configuration list for PBXProject "SportX" */ = {
			isa = XCConfigurationList;
			buildConfigurations = (
				F1D14B9F2BEB59A10071B62D /* Debug */,
				F1D14BA02BEB59A10071B62D /* Release */,
			);
			defaultConfigurationIsVisible = 0;
			defaultConfigurationName = Release;
		};
		F1D14BA12BEB59A10071B62D /* Build configuration list for PBXNativeTarget "SportX" */ = {
			isa = XCConfigurationList;
			buildConfigurations = (
				F1D14BA22BEB59A10071B62D /* Debug */,
				F1D14BA32BEB59A10071B62D /* Release */,
			);
			defaultConfigurationIsVisible = 0;
			defaultConfigurationName = Release;
		};
		F1D14BA42BEB59A10071B62D /* Build configuration list for PBXNativeTarget "SportXTests" */ = {
			isa = XCConfigurationList;
			buildConfigurations = (
				F1D14BA52BEB59A10071B62D /* Debug */,
				F1D14BA62BEB59A10071B62D /* Release */,
			);
			defaultConfigurationIsVisible = 0;
			defaultConfigurationName = Release;
		};
		F1D14BA72BEB59A10071B62D /* Build configuration list for PBXNativeTarget "SportXUITests" */ = {
			isa = XCConfigurationList;
			buildConfigurations = (
				F1D14BA82BEB59A10071B62D /* Debug */,
				F1D14BA92BEB59A10071B62D /* Release */,
			);
			defaultConfigurationIsVisible = 0;
			defaultConfigurationName = Release;
		};
/* End XCConfigurationList section */
	};
	rootObject = F1D14B6F2BEB599E0071B62D /* Project object */;
}
